
Microsoft Visual Studio Solution File, Format Version 12.00
# Visual Studio 15
VisualStudioVersion = 15.0.28010.2050
MinimumVisualStudioVersion = 10.0.40219.1
Project("{9A19103F-16F7-4668-BE54-9A1E7A4F7556}") = "BasicGamemode", "BasicGamemode\BasicGamemode.csproj", "{4468C9FC-BE94-4863-811D-767E3DE05874}"
EndProject
Project("{FAE04EC0-301F-11D3-BF4B-00C04F79EFBC}") = "GamemodeDatabase", "GamemodeDatabase\GamemodeDatabase.csproj", "{CBEA3BEE-C717-48F2-9079-683B1E810F74}"
EndProject
Global
	GlobalSection(SolutionConfigurationPlatforms) = preSolution
		Debug|Any CPU = Debug|Any CPU
		Release|Any CPU = Release|Any CPU
	EndGlobalSection
	GlobalSection(ProjectConfigurationPlatforms) = postSolution
		{4468C9FC-BE94-4863-811D-767E3DE05874}.Debug|Any CPU.ActiveCfg = Debug|Any CPU
		{4468C9FC-BE94-4863-811D-767E3DE05874}.Debug|Any CPU.Build.0 = Debug|Any CPU
		{4468C9FC-BE94-4863-811D-767E3DE05874}.Release|Any CPU.ActiveCfg = Release|Any CPU
		{4468C9FC-BE94-4863-811D-767E3DE05874}.Release|Any CPU.Build.0 = Release|Any CPU
		{CBEA3BEE-C717-48F2-9079-683B1E810F74}.Debug|Any CPU.ActiveCfg = Debug|Any CPU
		{CBEA3BEE-C717-48F2-9079-683B1E810F74}.Debug|Any CPU.Build.0 = Debug|Any CPU
		{CBEA3BEE-C717-48F2-9079-683B1E810F74}.Release|Any CPU.ActiveCfg = Release|Any CPU
		{CBEA3BEE-C717-48F2-9079-683B1E810F74}.Release|Any CPU.Build.0 = Release|Any CPU
	EndGlobalSection
	GlobalSection(SolutionProperties) = preSolution
		HideSolutionNode = FALSE
	EndGlobalSection
	GlobalSection(ExtensibilityGlobals) = postSolution
		SolutionGuid = {06F6AEC2-B5BF-48E5-9145-08AF2141213A}
	EndGlobalSection
EndGlobal
